
Microsoft Visual Studio Solution File, Format Version 12.00
# Visual Studio 15
VisualStudioVersion = 15.0.28307.271
MinimumVisualStudioVersion = 10.0.40219.1
Project("{FAE04EC0-301F-11D3-BF4B-00C04F79EFBC}") = "APIassignment2", "APIassignment2\APIassignment2.csproj", "{B93C21D0-110B-4A7D-AE90-5595AB46E4E2}"
EndProject
Project("{FAE04EC0-301F-11D3-BF4B-00C04F79EFBC}") = "MVC_API", "MVC - API\MVC_API.csproj", "{EE2B4247-4CFA-4170-8D1C-27658E5E8B7F}"
EndProject
Global
	GlobalSection(SolutionConfigurationPlatforms) = preSolution
		Debug|Any CPU = Debug|Any CPU
		Release|Any CPU = Release|Any CPU
	EndGlobalSection
	GlobalSection(ProjectConfigurationPlatforms) = postSolution
		{B93C21D0-110B-4A7D-AE90-5595AB46E4E2}.Debug|Any CPU.ActiveCfg = Debug|Any CPU
		{B93C21D0-110B-4A7D-AE90-5595AB46E4E2}.Debug|Any CPU.Build.0 = Debug|Any CPU
		{B93C21D0-110B-4A7D-AE90-5595AB46E4E2}.Release|Any CPU.ActiveCfg = Release|Any CPU
		{B93C21D0-110B-4A7D-AE90-5595AB46E4E2}.Release|Any CPU.Build.0 = Release|Any CPU
		{EE2B4247-4CFA-4170-8D1C-27658E5E8B7F}.Debug|Any CPU.ActiveCfg = Debug|Any CPU
		{EE2B4247-4CFA-4170-8D1C-27658E5E8B7F}.Debug|Any CPU.Build.0 = Debug|Any CPU
		{EE2B4247-4CFA-4170-8D1C-27658E5E8B7F}.Release|Any CPU.ActiveCfg = Release|Any CPU
		{EE2B4247-4CFA-4170-8D1C-27658E5E8B7F}.Release|Any CPU.Build.0 = Release|Any CPU
	EndGlobalSection
	GlobalSection(SolutionProperties) = preSolution
		HideSolutionNode = FALSE
	EndGlobalSection
	GlobalSection(ExtensibilityGlobals) = postSolution
		SolutionGuid = {E704D495-BDCB-440D-A236-C20A2B60557F}
	EndGlobalSection
EndGlobal
